// !$*UTF8*$!
{
	archiveVersion = 1;
	classes = {
	};
	objectVersion = 55;
	objects = {

/* Begin PBXBuildFile section */
		1EEB6855270B5AE7003DA47C /* AppDelegate.swift in Sources */ = {isa = PBXBuildFile; fileRef = 1EEB6854270B5AE7003DA47C /* AppDelegate.swift */; };
		1EEB6857270B5AE7003DA47C /* SceneDelegate.swift in Sources */ = {isa = PBXBuildFile; fileRef = 1EEB6856270B5AE7003DA47C /* SceneDelegate.swift */; };
		1EEB6859270B5AE7003DA47C /* ViewController.swift in Sources */ = {isa = PBXBuildFile; fileRef = 1EEB6858270B5AE7003DA47C /* ViewController.swift */; };
		1EEB685C270B5AE7003DA47C /* Main.storyboard in Resources */ = {isa = PBXBuildFile; fileRef = 1EEB685A270B5AE7003DA47C /* Main.storyboard */; };
		1EEB685E270B5AE7003DA47C /* Assets.xcassets in Resources */ = {isa = PBXBuildFile; fileRef = 1EEB685D270B5AE7003DA47C /* Assets.xcassets */; };
		1EEB6861270B5AE7003DA47C /* LaunchScreen.storyboard in Resources */ = {isa = PBXBuildFile; fileRef = 1EEB685F270B5AE7003DA47C /* LaunchScreen.storyboard */; };
		1EEB686C270B5AE7003DA47C /* HW2_CanYoldasTests.swift in Sources */ = {isa = PBXBuildFile; fileRef = 1EEB686B270B5AE7003DA47C /* HW2_CanYoldasTests.swift */; };
		1EEB6876270B5AE7003DA47C /* HW2_CanYoldasUITests.swift in Sources */ = {isa = PBXBuildFile; fileRef = 1EEB6875270B5AE7003DA47C /* HW2_CanYoldasUITests.swift */; };
		1EEB6878270B5AE7003DA47C /* HW2_CanYoldasUITestsLaunchTests.swift in Sources */ = {isa = PBXBuildFile; fileRef = 1EEB6877270B5AE7003DA47C /* HW2_CanYoldasUITestsLaunchTests.swift */; };
/* End PBXBuildFile section */

/* Begin PBXContainerItemProxy section */
		1EEB6868270B5AE7003DA47C /* PBXContainerItemProxy */ = {
			isa = PBXContainerItemProxy;
			containerPortal = 1EEB6849270B5AE7003DA47C /* Project object */;
			proxyType = 1;
			remoteGlobalIDString = 1EEB6850270B5AE7003DA47C;
			remoteInfo = HW2_CanYoldas;
		};
		1EEB6872270B5AE7003DA47C /* PBXContainerItemProxy */ = {
			isa = PBXContainerItemProxy;
			containerPortal = 1EEB6849270B5AE7003DA47C /* Project object */;
			proxyType = 1;
			remoteGlobalIDString = 1EEB6850270B5AE7003DA47C;
			remoteInfo = HW2_CanYoldas;
		};
/* End PBXContainerItemProxy section */

/* Begin PBXFileReference section */
		1EEB6851270B5AE7003DA47C /* HW2_CanYoldas.app */ = {isa = PBXFileReference; explicitFileType = wrapper.application; includeInIndex = 0; path = HW2_CanYoldas.app; sourceTree = BUILT_PRODUCTS_DIR; };
		1EEB6854270B5AE7003DA47C /* AppDelegate.swift */ = {isa = PBXFileReference; lastKnownFileType = sourcecode.swift; path = AppDelegate.swift; sourceTree = "<group>"; };
		1EEB6856270B5AE7003DA47C /* SceneDelegate.swift */ = {isa = PBXFileReference; lastKnownFileType = sourcecode.swift; path = SceneDelegate.swift; sourceTree = "<group>"; };
		1EEB6858270B5AE7003DA47C /* ViewController.swift */ = {isa = PBXFileReference; lastKnownFileType = sourcecode.swift; path = ViewController.swift; sourceTree = "<group>"; };
		1EEB685B270B5AE7003DA47C /* Base */ = {isa = PBXFileReference; lastKnownFileType = file.storyboard; name = Base; path = Base.lproj/Main.storyboard; sourceTree = "<group>"; };
		1EEB685D270B5AE7003DA47C /* Assets.xcassets */ = {isa = PBXFileReference; lastKnownFileType = folder.assetcatalog; path = Assets.xcassets; sourceTree = "<group>"; };
		1EEB6860270B5AE7003DA47C /* Base */ = {isa = PBXFileReference; lastKnownFileType = file.storyboard; name = Base; path = Base.lproj/LaunchScreen.storyboard; sourceTree = "<group>"; };
		1EEB6862270B5AE7003DA47C /* Info.plist */ = {isa = PBXFileReference; lastKnownFileType = text.plist.xml; path = Info.plist; sourceTree = "<group>"; };
		1EEB6867270B5AE7003DA47C /* HW2_CanYoldasTests.xctest */ = {isa = PBXFileReference; explicitFileType = wrapper.cfbundle; includeInIndex = 0; path = HW2_CanYoldasTests.xctest; sourceTree = BUILT_PRODUCTS_DIR; };
		1EEB686B270B5AE7003DA47C /* HW2_CanYoldasTests.swift */ = {isa = PBXFileReference; lastKnownFileType = sourcecode.swift; path = HW2_CanYoldasTests.swift; sourceTree = "<group>"; };
		1EEB6871270B5AE7003DA47C /* HW2_CanYoldasUITests.xctest */ = {isa = PBXFileReference; explicitFileType = wrapper.cfbundle; includeInIndex = 0; path = HW2_CanYoldasUITests.xctest; sourceTree = BUILT_PRODUCTS_DIR; };
		1EEB6875270B5AE7003DA47C /* HW2_CanYoldasUITests.swift */ = {isa = PBXFileReference; lastKnownFileType = sourcecode.swift; path = HW2_CanYoldasUITests.swift; sourceTree = "<group>"; };
		1EEB6877270B5AE7003DA47C /* HW2_CanYoldasUITestsLaunchTests.swift */ = {isa = PBXFileReference; lastKnownFileType = sourcecode.swift; path = HW2_CanYoldasUITestsLaunchTests.swift; sourceTree = "<group>"; };
/* End PBXFileReference section */

/* Begin PBXFrameworksBuildPhase section */
		1EEB684E270B5AE7003DA47C /* Frameworks */ = {
			isa = PBXFrameworksBuildPhase;
			buildActionMask = 2147483647;
			files = (
			);
			runOnlyForDeploymentPostprocessing = 0;
		};
		1EEB6864270B5AE7003DA47C /* Frameworks */ = {
			isa = PBXFrameworksBuildPhase;
			buildActionMask = 2147483647;
			files = (
			);
			runOnlyForDeploymentPostprocessing = 0;
		};
		1EEB686E270B5AE7003DA47C /* Frameworks */ = {
			isa = PBXFrameworksBuildPhase;
			buildActionMask = 2147483647;
			files = (
			);
			runOnlyForDeploymentPostprocessing = 0;
		};
/* End PBXFrameworksBuildPhase section */

/* Begin PBXGroup section */
		1EEB6848270B5AE7003DA47C = {
			isa = PBXGroup;
			children = (
				1EEB6853270B5AE7003DA47C /* HW2_CanYoldas */,
				1EEB686A270B5AE7003DA47C /* HW2_CanYoldasTests */,
				1EEB6874270B5AE7003DA47C /* HW2_CanYoldasUITests */,
				1EEB6852270B5AE7003DA47C /* Products */,
			);
			sourceTree = "<group>";
		};
		1EEB6852270B5AE7003DA47C /* Products */ = {
			isa = PBXGroup;
			children = (
				1EEB6851270B5AE7003DA47C /* HW2_CanYoldas.app */,
				1EEB6867270B5AE7003DA47C /* HW2_CanYoldasTests.xctest */,
				1EEB6871270B5AE7003DA47C /* HW2_CanYoldasUITests.xctest */,
			);
			name = Products;
			sourceTree = "<group>";
		};
		1EEB6853270B5AE7003DA47C /* HW2_CanYoldas */ = {
			isa = PBXGroup;
			children = (
				1EEB6854270B5AE7003DA47C /* AppDelegate.swift */,
				1EEB6856270B5AE7003DA47C /* SceneDelegate.swift */,
				1EEB6858270B5AE7003DA47C /* ViewController.swift */,
				1EEB685A270B5AE7003DA47C /* Main.storyboard */,
				1EEB685D270B5AE7003DA47C /* Assets.xcassets */,
				1EEB685F270B5AE7003DA47C /* LaunchScreen.storyboard */,
				1EEB6862270B5AE7003DA47C /* Info.plist */,
			);
			path = HW2_CanYoldas;
			sourceTree = "<group>";
		};
		1EEB686A270B5AE7003DA47C /* HW2_CanYoldasTests */ = {
			isa = PBXGroup;
			children = (
				1EEB686B270B5AE7003DA47C /* HW2_CanYoldasTests.swift */,
			);
			path = HW2_CanYoldasTests;
			sourceTree = "<group>";
		};
		1EEB6874270B5AE7003DA47C /* HW2_CanYoldasUITests */ = {
			isa = PBXGroup;
			children = (
				1EEB6875270B5AE7003DA47C /* HW2_CanYoldasUITests.swift */,
				1EEB6877270B5AE7003DA47C /* HW2_CanYoldasUITestsLaunchTests.swift */,
			);
			path = HW2_CanYoldasUITests;
			sourceTree = "<group>";
		};
/* End PBXGroup section */

/* Begin PBXNativeTarget section */
		1EEB6850270B5AE7003DA47C /* HW2_CanYoldas */ = {
			isa = PBXNativeTarget;
			buildConfigurationList = 1EEB687B270B5AE7003DA47C /* Build configuration list for PBXNativeTarget "HW2_CanYoldas" */;
			buildPhases = (
				1EEB684D270B5AE7003DA47C /* Sources */,
				1EEB684E270B5AE7003DA47C /* Frameworks */,
				1EEB684F270B5AE7003DA47C /* Resources */,
			);
			buildRules = (
			);
			dependencies = (
			);
			name = HW2_CanYoldas;
			productName = HW2_CanYoldas;
			productReference = 1EEB6851270B5AE7003DA47C /* HW2_CanYoldas.app */;
			productType = "com.apple.product-type.application";
		};
		1EEB6866270B5AE7003DA47C /* HW2_CanYoldasTests */ = {
			isa = PBXNativeTarget;
			buildConfigurationList = 1EEB687E270B5AE7003DA47C /* Build configuration list for PBXNativeTarget "HW2_CanYoldasTests" */;
			buildPhases = (
				1EEB6863270B5AE7003DA47C /* Sources */,
				1EEB6864270B5AE7003DA47C /* Frameworks */,
				1EEB6865270B5AE7003DA47C /* Resources */,
			);
			buildRules = (
			);
			dependencies = (
				1EEB6869270B5AE7003DA47C /* PBXTargetDependency */,
			);
			name = HW2_CanYoldasTests;
			productName = HW2_CanYoldasTests;
			productReference = 1EEB6867270B5AE7003DA47C /* HW2_CanYoldasTests.xctest */;
			productType = "com.apple.product-type.bundle.unit-test";
		};
		1EEB6870270B5AE7003DA47C /* HW2_CanYoldasUITests */ = {
			isa = PBXNativeTarget;
			buildConfigurationList = 1EEB6881270B5AE7003DA47C /* Build configuration list for PBXNativeTarget "HW2_CanYoldasUITests" */;
			buildPhases = (
				1EEB686D270B5AE7003DA47C /* Sources */,
				1EEB686E270B5AE7003DA47C /* Frameworks */,
				1EEB686F270B5AE7003DA47C /* Resources */,
			);
			buildRules = (
			);
			dependencies = (
				1EEB6873270B5AE7003DA47C /* PBXTargetDependency */,
			);
			name = HW2_CanYoldasUITests;
			productName = HW2_CanYoldasUITests;
			productReference = 1EEB6871270B5AE7003DA47C /* HW2_CanYoldasUITests.xctest */;
			productType = "com.apple.product-type.bundle.ui-testing";
		};
/* End PBXNativeTarget section */

/* Begin PBXProject section */
		1EEB6849270B5AE7003DA47C /* Project object */ = {
			isa = PBXProject;
			attributes = {
				BuildIndependentTargetsInParallel = 1;
				LastSwiftUpdateCheck = 1300;
				LastUpgradeCheck = 1300;
				TargetAttributes = {
					1EEB6850270B5AE7003DA47C = {
						CreatedOnToolsVersion = 13.0;
					};
					1EEB6866270B5AE7003DA47C = {
						CreatedOnToolsVersion = 13.0;
						TestTargetID = 1EEB6850270B5AE7003DA47C;
					};
					1EEB6870270B5AE7003DA47C = {
						CreatedOnToolsVersion = 13.0;
						TestTargetID = 1EEB6850270B5AE7003DA47C;
					};
				};
			};
			buildConfigurationList = 1EEB684C270B5AE7003DA47C /* Build configuration list for PBXProject "HW2_CanYoldas" */;
			compatibilityVersion = "Xcode 13.0";
			developmentRegion = en;
			hasScannedForEncodings = 0;
			knownRegions = (
				en,
				Base,
			);
			mainGroup = 1EEB6848270B5AE7003DA47C;
			productRefGroup = 1EEB6852270B5AE7003DA47C /* Products */;
			projectDirPath = "";
			projectRoot = "";
			targets = (
				1EEB6850270B5AE7003DA47C /* HW2_CanYoldas */,
				1EEB6866270B5AE7003DA47C /* HW2_CanYoldasTests */,
				1EEB6870270B5AE7003DA47C /* HW2_CanYoldasUITests */,
			);
		};
/* End PBXProject section */

/* Begin PBXResourcesBuildPhase section */
		1EEB684F270B5AE7003DA47C /* Resources */ = {
			isa = PBXResourcesBuildPhase;
			buildActionMask = 2147483647;
			files = (
				1EEB6861270B5AE7003DA47C /* LaunchScreen.storyboard in Resources */,
				1EEB685E270B5AE7003DA47C /* Assets.xcassets in Resources */,
				1EEB685C270B5AE7003DA47C /* Main.storyboard in Resources */,
			);
			runOnlyForDeploymentPostprocessing = 0;
		};
		1EEB6865270B5AE7003DA47C /* Resources */ = {
			isa = PBXResourcesBuildPhase;
			buildActionMask = 2147483647;
			files = (
			);
			runOnlyForDeploymentPostprocessing = 0;
		};
		1EEB686F270B5AE7003DA47C /* Resources */ = {
			isa = PBXResourcesBuildPhase;
			buildActionMask = 2147483647;
			files = (
			);
			runOnlyForDeploymentPostprocessing = 0;
		};
/* End PBXResourcesBuildPhase section */

/* Begin PBXSourcesBuildPhase section */
		1EEB684D270B5AE7003DA47C /* Sources */ = {
			isa = PBXSourcesBuildPhase;
			buildActionMask = 2147483647;
			files = (
				1EEB6859270B5AE7003DA47C /* ViewController.swift in Sources */,
				1EEB6855270B5AE7003DA47C /* AppDelegate.swift in Sources */,
				1EEB6857270B5AE7003DA47C /* SceneDelegate.swift in Sources */,
			);
			runOnlyForDeploymentPostprocessing = 0;
		};
		1EEB6863270B5AE7003DA47C /* Sources */ = {
			isa = PBXSourcesBuildPhase;
			buildActionMask = 2147483647;
			files = (
				1EEB686C270B5AE7003DA47C /* HW2_CanYoldasTests.swift in Sources */,
			);
			runOnlyForDeploymentPostprocessing = 0;
		};
		1EEB686D270B5AE7003DA47C /* Sources */ = {
			isa = PBXSourcesBuildPhase;
			buildActionMask = 2147483647;
			files = (
				1EEB6876270B5AE7003DA47C /* HW2_CanYoldasUITests.swift in Sources */,
				1EEB6878270B5AE7003DA47C /* HW2_CanYoldasUITestsLaunchTests.swift in Sources */,
			);
			runOnlyForDeploymentPostprocessing = 0;
		};
/* End PBXSourcesBuildPhase section */

/* Begin PBXTargetDependency section */
		1EEB6869270B5AE7003DA47C /* PBXTargetDependency */ = {
			isa = PBXTargetDependency;
			target = 1EEB6850270B5AE7003DA47C /* HW2_CanYoldas */;
			targetProxy = 1EEB6868270B5AE7003DA47C /* PBXContainerItemProxy */;
		};
		1EEB6873270B5AE7003DA47C /* PBXTargetDependency */ = {
			isa = PBXTargetDependency;
			target = 1EEB6850270B5AE7003DA47C /* HW2_CanYoldas */;
			targetProxy = 1EEB6872270B5AE7003DA47C /* PBXContainerItemProxy */;
		};
/* End PBXTargetDependency section */

/* Begin PBXVariantGroup section */
		1EEB685A270B5AE7003DA47C /* Main.storyboard */ = {
			isa = PBXVariantGroup;
			children = (
				1EEB685B270B5AE7003DA47C /* Base */,
			);
			name = Main.storyboard;
			sourceTree = "<group>";
		};
		1EEB685F270B5AE7003DA47C /* LaunchScreen.storyboard */ = {
			isa = PBXVariantGroup;
			children = (
				1EEB6860270B5AE7003DA47C /* Base */,
			);
			name = LaunchScreen.storyboard;
			sourceTree = "<group>";
		};
/* End PBXVariantGroup section */

/* Begin XCBuildConfiguration section */
		1EEB6879270B5AE7003DA47C /* Debug */ = {
			isa = XCBuildConfiguration;
			buildSettings = {
				ALWAYS_SEARCH_USER_PATHS = NO;
				CLANG_ANALYZER_NONNULL = YES;
				CLANG_ANALYZER_NUMBER_OBJECT_CONVERSION = YES_AGGRESSIVE;
				CLANG_CXX_LANGUAGE_STANDARD = "gnu++17";
				CLANG_CXX_LIBRARY = "libc++";
				CLANG_ENABLE_MODULES = YES;
				CLANG_ENABLE_OBJC_ARC = YES;
				CLANG_ENABLE_OBJC_WEAK = YES;
				CLANG_WARN_BLOCK_CAPTURE_AUTORELEASING = YES;
				CLANG_WARN_BOOL_CONVERSION = YES;
				CLANG_WARN_COMMA = YES;
				CLANG_WARN_CONSTANT_CONVERSION = YES;
				CLANG_WARN_DEPRECATED_OBJC_IMPLEMENTATIONS = YES;
				CLANG_WARN_DIRECT_OBJC_ISA_USAGE = YES_ERROR;
				CLANG_WARN_DOCUMENTATION_COMMENTS = YES;
				CLANG_WARN_EMPTY_BODY = YES;
				CLANG_WARN_ENUM_CONVERSION = YES;
				CLANG_WARN_INFINITE_RECURSION = YES;
				CLANG_WARN_INT_CONVERSION = YES;
				CLANG_WARN_NON_LITERAL_NULL_CONVERSION = YES;
				CLANG_WARN_OBJC_IMPLICIT_RETAIN_SELF = YES;
				CLANG_WARN_OBJC_LITERAL_CONVERSION = YES;
				CLANG_WARN_OBJC_ROOT_CLASS = YES_ERROR;
				CLANG_WARN_QUOTED_INCLUDE_IN_FRAMEWORK_HEADER = YES;
				CLANG_WARN_RANGE_LOOP_ANALYSIS = YES;
				CLANG_WARN_STRICT_PROTOTYPES = YES;
				CLANG_WARN_SUSPICIOUS_MOVE = YES;
				CLANG_WARN_UNGUARDED_AVAILABILITY = YES_AGGRESSIVE;
				CLANG_WARN_UNREACHABLE_CODE = YES;
				CLANG_WARN__DUPLICATE_METHOD_MATCH = YES;
				COPY_PHASE_STRIP = NO;
				DEBUG_INFORMATION_FORMAT = dwarf;
				ENABLE_STRICT_OBJC_MSGSEND = YES;
				ENABLE_TESTABILITY = YES;
				GCC_C_LANGUAGE_STANDARD = gnu11;
				GCC_DYNAMIC_NO_PIC = NO;
				GCC_NO_COMMON_BLOCKS = YES;
				GCC_OPTIMIZATION_LEVEL = 0;
				GCC_PREPROCESSOR_DEFINITIONS = (
					"DEBUG=1",
					"$(inherited)",
				);
				GCC_WARN_64_TO_32_BIT_CONVERSION = YES;
				GCC_WARN_ABOUT_RETURN_TYPE = YES_ERROR;
				GCC_WARN_UNDECLARED_SELECTOR = YES;
				GCC_WARN_UNINITIALIZED_AUTOS = YES_AGGRESSIVE;
				GCC_WARN_UNUSED_FUNCTION = YES;
				GCC_WARN_UNUSED_VARIABLE = YES;
				IPHONEOS_DEPLOYMENT_TARGET = 15.0;
				MTL_ENABLE_DEBUG_INFO = INCLUDE_SOURCE;
				MTL_FAST_MATH = YES;
				ONLY_ACTIVE_ARCH = YES;
				SDKROOT = iphoneos;
				SWIFT_ACTIVE_COMPILATION_CONDITIONS = DEBUG;
				SWIFT_OPTIMIZATION_LEVEL = "-Onone";
			};
			name = Debug;
		};
		1EEB687A270B5AE7003DA47C /* Release */ = {
			isa = XCBuildConfiguration;
			buildSettings = {
				ALWAYS_SEARCH_USER_PATHS = NO;
				CLANG_ANALYZER_NONNULL = YES;
				CLANG_ANALYZER_NUMBER_OBJECT_CONVERSION = YES_AGGRESSIVE;
				CLANG_CXX_LANGUAGE_STANDARD = "gnu++17";
				CLANG_CXX_LIBRARY = "libc++";
				CLANG_ENABLE_MODULES = YES;
				CLANG_ENABLE_OBJC_ARC = YES;
				CLANG_ENABLE_OBJC_WEAK = YES;
				CLANG_WARN_BLOCK_CAPTURE_AUTORELEASING = YES;
				CLANG_WARN_BOOL_CONVERSION = YES;
				CLANG_WARN_COMMA = YES;
				CLANG_WARN_CONSTANT_CONVERSION = YES;
				CLANG_WARN_DEPRECATED_OBJC_IMPLEMENTATIONS = YES;
				CLANG_WARN_DIRECT_OBJC_ISA_USAGE = YES_ERROR;
				CLANG_WARN_DOCUMENTATION_COMMENTS = YES;
				CLANG_WARN_EMPTY_BODY = YES;
				CLANG_WARN_ENUM_CONVERSION = YES;
				CLANG_WARN_INFINITE_RECURSION = YES;
				CLANG_WARN_INT_CONVERSION = YES;
				CLANG_WARN_NON_LITERAL_NULL_CONVERSION = YES;
				CLANG_WARN_OBJC_IMPLICIT_RETAIN_SELF = YES;
				CLANG_WARN_OBJC_LITERAL_CONVERSION = YES;
				CLANG_WARN_OBJC_ROOT_CLASS = YES_ERROR;
				CLANG_WARN_QUOTED_INCLUDE_IN_FRAMEWORK_HEADER = YES;
				CLANG_WARN_RANGE_LOOP_ANALYSIS = YES;
				CLANG_WARN_STRICT_PROTOTYPES = YES;
				CLANG_WARN_SUSPICIOUS_MOVE = YES;
				CLANG_WARN_UNGUARDED_AVAILABILITY = YES_AGGRESSIVE;
				CLANG_WARN_UNREACHABLE_CODE = YES;
				CLANG_WARN__DUPLICATE_METHOD_MATCH = YES;
				COPY_PHASE_STRIP = NO;
				DEBUG_INFORMATION_FORMAT = "dwarf-with-dsym";
				ENABLE_NS_ASSERTIONS = NO;
				ENABLE_STRICT_OBJC_MSGSEND = YES;
				GCC_C_LANGUAGE_STANDARD = gnu11;
				GCC_NO_COMMON_BLOCKS = YES;
				GCC_WARN_64_TO_32_BIT_CONVERSION = YES;
				GCC_WARN_ABOUT_RETURN_TYPE = YES_ERROR;
				GCC_WARN_UNDECLARED_SELECTOR = YES;
				GCC_WARN_UNINITIALIZED_AUTOS = YES_AGGRESSIVE;
				GCC_WARN_UNUSED_FUNCTION = YES;
				GCC_WARN_UNUSED_VARIABLE = YES;
				IPHONEOS_DEPLOYMENT_TARGET = 15.0;
				MTL_ENABLE_DEBUG_INFO = NO;
				MTL_FAST_MATH = YES;
				SDKROOT = iphoneos;
				SWIFT_COMPILATION_MODE = wholemodule;
				SWIFT_OPTIMIZATION_LEVEL = "-O";
				VALIDATE_PRODUCT = YES;
			};
			name = Release;
		};
		1EEB687C270B5AE7003DA47C /* Debug */ = {
			isa = XCBuildConfiguration;
			buildSettings = {
				ASSETCATALOG_COMPILER_APPICON_NAME = AppIcon;
				ASSETCATALOG_COMPILER_GLOBAL_ACCENT_COLOR_NAME = AccentColor;
				CODE_SIGN_STYLE = Automatic;
				CURRENT_PROJECT_VERSION = 1;
				DEVELOPMENT_TEAM = G746TBT9SB;
				GENERATE_INFOPLIST_FILE = YES;
				INFOPLIST_FILE = HW2_CanYoldas/Info.plist;
				INFOPLIST_KEY_UIApplicationSupportsIndirectInputEvents = YES;
				INFOPLIST_KEY_UILaunchStoryboardName = LaunchScreen;
				INFOPLIST_KEY_UIMainStoryboardFile = Main;
				INFOPLIST_KEY_UISupportedInterfaceOrientations_iPad = "UIInterfaceOrientationPortrait UIInterfaceOrientationPortraitUpsideDown UIInterfaceOrientationLandscapeLeft UIInterfaceOrientationLandscapeRight";
				INFOPLIST_KEY_UISupportedInterfaceOrientations_iPhone = "UIInterfaceOrientationPortrait UIInterfaceOrientationLandscapeLeft UIInterfaceOrientationLandscapeRight";
				LD_RUNPATH_SEARCH_PATHS = (
					"$(inherited)",
					"@executable_path/Frameworks",
				);
				MARKETING_VERSION = 1.0;
				PRODUCT_BUNDLE_IDENTIFIER = "com.canyoldas.HW2-CanYoldas";
				PRODUCT_NAME = "$(TARGET_NAME)";
				SWIFT_EMIT_LOC_STRINGS = YES;
				SWIFT_VERSION = 5.0;
				TARGETED_DEVICE_FAMILY = "1,2";
			};
			name = Debug;
		};
		1EEB687D270B5AE7003DA47C /* Release */ = {
			isa = XCBuildConfiguration;
			buildSettings = {
				ASSETCATALOG_COMPILER_APPICON_NAME = AppIcon;
				ASSETCATALOG_COMPILER_GLOBAL_ACCENT_COLOR_NAME = AccentColor;
				CODE_SIGN_STYLE = Automatic;
				CURRENT_PROJECT_VERSION = 1;
				DEVELOPMENT_TEAM = G746TBT9SB;
				GENERATE_INFOPLIST_FILE = YES;
				INFOPLIST_FILE = HW2_CanYoldas/Info.plist;
				INFOPLIST_KEY_UIApplicationSupportsIndirectInputEvents = YES;
				INFOPLIST_KEY_UILaunchStoryboardName = LaunchScreen;
				INFOPLIST_KEY_UIMainStoryboardFile = Main;
				INFOPLIST_KEY_UISupportedInterfaceOrientations_iPad = "UIInterfaceOrientationPortrait UIInterfaceOrientationPortraitUpsideDown UIInterfaceOrientationLandscapeLeft UIInterfaceOrientationLandscapeRight";
				INFOPLIST_KEY_UISupportedInterfaceOrientations_iPhone = "UIInterfaceOrientationPortrait UIInterfaceOrientationLandscapeLeft UIInterfaceOrientationLandscapeRight";
				LD_RUNPATH_SEARCH_PATHS = (
					"$(inherited)",
					"@executable_path/Frameworks",
				);
				MARKETING_VERSION = 1.0;
				PRODUCT_BUNDLE_IDENTIFIER = "com.canyoldas.HW2-CanYoldas";
				PRODUCT_NAME = "$(TARGET_NAME)";
				SWIFT_EMIT_LOC_STRINGS = YES;
				SWIFT_VERSION = 5.0;
				TARGETED_DEVICE_FAMILY = "1,2";
			};
			name = Release;
		};
		1EEB687F270B5AE7003DA47C /* Debug */ = {
			isa = XCBuildConfiguration;
			buildSettings = {
				ALWAYS_EMBED_SWIFT_STANDARD_LIBRARIES = YES;
				BUNDLE_LOADER = "$(TEST_HOST)";
				CODE_SIGN_STYLE = Automatic;
				CURRENT_PROJECT_VERSION = 1;
				DEVELOPMENT_TEAM = G746TBT9SB;
				GENERATE_INFOPLIST_FILE = YES;
				IPHONEOS_DEPLOYMENT_TARGET = 15.0;
				LD_RUNPATH_SEARCH_PATHS = (
					"$(inherited)",
					"@executable_path/Frameworks",
					"@loader_path/Frameworks",
				);
				MARKETING_VERSION = 1.0;
				PRODUCT_BUNDLE_IDENTIFIER = "com.canyoldas.HW2-CanYoldasTests";
				PRODUCT_NAME = "$(TARGET_NAME)";
				SWIFT_EMIT_LOC_STRINGS = NO;
				SWIFT_VERSION = 5.0;
				TARGETED_DEVICE_FAMILY = "1,2";
				TEST_HOST = "$(BUILT_PRODUCTS_DIR)/HW2_CanYoldas.app/HW2_CanYoldas";
			};
			name = Debug;
		};
		1EEB6880270B5AE7003DA47C /* Release */ = {
			isa = XCBuildConfiguration;
			buildSettings = {
				ALWAYS_EMBED_SWIFT_STANDARD_LIBRARIES = YES;
				BUNDLE_LOADER = "$(TEST_HOST)";
				CODE_SIGN_STYLE = Automatic;
				CURRENT_PROJECT_VERSION = 1;
				DEVELOPMENT_TEAM = G746TBT9SB;
				GENERATE_INFOPLIST_FILE = YES;
				IPHONEOS_DEPLOYMENT_TARGET = 15.0;
				LD_RUNPATH_SEARCH_PATHS = (
					"$(inherited)",
					"@executable_path/Frameworks",
					"@loader_path/Frameworks",
				);
				MARKETING_VERSION = 1.0;
				PRODUCT_BUNDLE_IDENTIFIER = "com.canyoldas.HW2-CanYoldasTests";
				PRODUCT_NAME = "$(TARGET_NAME)";
				SWIFT_EMIT_LOC_STRINGS = NO;
				SWIFT_VERSION = 5.0;
				TARGETED_DEVICE_FAMILY = "1,2";
				TEST_HOST = "$(BUILT_PRODUCTS_DIR)/HW2_CanYoldas.app/HW2_CanYoldas";
			};
			name = Release;
		};
		1EEB6882270B5AE7003DA47C /* Debug */ = {
			isa = XCBuildConfiguration;
			buildSettings = {
				ALWAYS_EMBED_SWIFT_STANDARD_LIBRARIES = YES;
				CODE_SIGN_STYLE = Automatic;
				CURRENT_PROJECT_VERSION = 1;
				DEVELOPMENT_TEAM = G746TBT9SB;
				GENERATE_INFOPLIST_FILE = YES;
				LD_RUNPATH_SEARCH_PATHS = (
					"$(inherited)",
					"@executable_path/Frameworks",
					"@loader_path/Frameworks",
				);
				MARKETING_VERSION = 1.0;
				PRODUCT_BUNDLE_IDENTIFIER = "com.canyoldas.HW2-CanYoldasUITests";
				PRODUCT_NAME = "$(TARGET_NAME)";
				SWIFT_EMIT_LOC_STRINGS = NO;
				SWIFT_VERSION = 5.0;
				TARGETED_DEVICE_FAMILY = "1,2";
				TEST_TARGET_NAME = HW2_CanYoldas;
			};
			name = Debug;
		};
		1EEB6883270B5AE7003DA47C /* Release */ = {
			isa = XCBuildConfiguration;
			buildSettings = {
				ALWAYS_EMBED_SWIFT_STANDARD_LIBRARIES = YES;
				CODE_SIGN_STYLE = Automatic;
				CURRENT_PROJECT_VERSION = 1;
				DEVELOPMENT_TEAM = G746TBT9SB;
				GENERATE_INFOPLIST_FILE = YES;
				LD_RUNPATH_SEARCH_PATHS = (
					"$(inherited)",
					"@executable_path/Frameworks",
					"@loader_path/Frameworks",
				);
				MARKETING_VERSION = 1.0;
				PRODUCT_BUNDLE_IDENTIFIER = "com.canyoldas.HW2-CanYoldasUITests";
				PRODUCT_NAME = "$(TARGET_NAME)";
				SWIFT_EMIT_LOC_STRINGS = NO;
				SWIFT_VERSION = 5.0;
				TARGETED_DEVICE_FAMILY = "1,2";
				TEST_TARGET_NAME = HW2_CanYoldas;
			};
			name = Release;
		};
/* End XCBuildConfiguration section */

/* Begin XCConfigurationList section */
		1EEB684C270B5AE7003DA47C /* Build configuration list for PBXProject "HW2_CanYoldas" */ = {
			isa = XCConfigurationList;
			buildConfigurations = (
				1EEB6879270B5AE7003DA47C /* Debug */,
				1EEB687A270B5AE7003DA47C /* Release */,
			);
			defaultConfigurationIsVisible = 0;
			defaultConfigurationName = Release;
		};
		1EEB687B270B5AE7003DA47C /* Build configuration list for PBXNativeTarget "HW2_CanYoldas" */ = {
			isa = XCConfigurationList;
			buildConfigurations = (
				1EEB687C270B5AE7003DA47C /* Debug */,
				1EEB687D270B5AE7003DA47C /* Release */,
			);
			defaultConfigurationIsVisible = 0;
			defaultConfigurationName = Release;
		};
		1EEB687E270B5AE7003DA47C /* Build configuration list for PBXNativeTarget "HW2_CanYoldasTests" */ = {
			isa = XCConfigurationList;
			buildConfigurations = (
				1EEB687F270B5AE7003DA47C /* Debug */,
				1EEB6880270B5AE7003DA47C /* Release */,
			);
			defaultConfigurationIsVisible = 0;
			defaultConfigurationName = Release;
		};
		1EEB6881270B5AE7003DA47C /* Build configuration list for PBXNativeTarget "HW2_CanYoldasUITests" */ = {
			isa = XCConfigurationList;
			buildConfigurations = (
				1EEB6882270B5AE7003DA47C /* Debug */,
				1EEB6883270B5AE7003DA47C /* Release */,
			);
			defaultConfigurationIsVisible = 0;
			defaultConfigurationName = Release;
		};
/* End XCConfigurationList section */
	};
	rootObject = 1EEB6849270B5AE7003DA47C /* Project object */;
}
