// !$*UTF8*$!
{
	archiveVersion = 1;
	classes = {
	};
	objectVersion = 55;
	objects = {

/* Begin PBXBuildFile section */
		1EEB6855270B5AE7003DA47C /* AppDelegate.swift in Sources */ = {isa = PBXBuildFile; fileRef = 1EEB6854270B5AE7003DA47C /* AppDelegate.swift */; };
		1EEB685E270B5AE7003DA47C /* Assets.xcassets in Resources */ = {isa = PBXBuildFile; fileRef = 1EEB685D270B5AE7003DA47C /* Assets.xcassets */; };
		1EEB6861270B5AE7003DA47C /* LaunchScreen.storyboard in Resources */ = {isa = PBXBuildFile; fileRef = 1EEB685F270B5AE7003DA47C /* LaunchScreen.storyboard */; };
		1EEB686C270B5AE7003DA47C /* HW2_CanYoldasTests.swift in Sources */ = {isa = PBXBuildFile; fileRef = 1EEB686B270B5AE7003DA47C /* HW2_CanYoldasTests.swift */; };
		1EEB6876270B5AE7003DA47C /* HW2_CanYoldasUITests.swift in Sources */ = {isa = PBXBuildFile; fileRef = 1EEB6875270B5AE7003DA47C /* HW2_CanYoldasUITests.swift */; };
		1EEB6878270B5AE7003DA47C /* HW2_CanYoldasUITestsLaunchTests.swift in Sources */ = {isa = PBXBuildFile; fileRef = 1EEB6877270B5AE7003DA47C /* HW2_CanYoldasUITestsLaunchTests.swift */; };
		1EEB6886270B610D003DA47C /* BaseView.swift in Sources */ = {isa = PBXBuildFile; fileRef = 1EEB6885270B610D003DA47C /* BaseView.swift */; };
		1EEB6888270B613C003DA47C /* GenericBaseView.swift in Sources */ = {isa = PBXBuildFile; fileRef = 1EEB6887270B613C003DA47C /* GenericBaseView.swift */; };
		1EEB688A270B6153003DA47C /* BaseViewController.swift in Sources */ = {isa = PBXBuildFile; fileRef = 1EEB6889270B6153003DA47C /* BaseViewController.swift */; };
		1EEB688D270B618A003DA47C /* GenericValueProtocol.swift in Sources */ = {isa = PBXBuildFile; fileRef = 1EEB688C270B618A003DA47C /* GenericValueProtocol.swift */; };
		1EEB688F270B61A9003DA47C /* PermissionImages.swift in Sources */ = {isa = PBXBuildFile; fileRef = 1EEB688E270B61A9003DA47C /* PermissionImages.swift */; };
		1EEB6892270B61C9003DA47C /* UIView+Extension.swift in Sources */ = {isa = PBXBuildFile; fileRef = 1EEB6891270B61C9003DA47C /* UIView+Extension.swift */; };
		1EEB6894270B61E6003DA47C /* UIApplication+Extension.swift in Sources */ = {isa = PBXBuildFile; fileRef = 1EEB6893270B61E6003DA47C /* UIApplication+Extension.swift */; };
		1EEB689B270B6226003DA47C /* ActionButtonTheme.swift in Sources */ = {isa = PBXBuildFile; fileRef = 1EEB6897270B6226003DA47C /* ActionButtonTheme.swift */; };
		1EEB689C270B6226003DA47C /* ActionButtonType.swift in Sources */ = {isa = PBXBuildFile; fileRef = 1EEB6898270B6226003DA47C /* ActionButtonType.swift */; };
		1EEB689D270B6226003DA47C /* ActionButtonViewData.swift in Sources */ = {isa = PBXBuildFile; fileRef = 1EEB6899270B6226003DA47C /* ActionButtonViewData.swift */; };
		1EEB689E270B6226003DA47C /* ActionButtonView.swift in Sources */ = {isa = PBXBuildFile; fileRef = 1EEB689A270B6226003DA47C /* ActionButtonView.swift */; };
		1EEB68A2270B6269003DA47C /* InfoViewData.swift in Sources */ = {isa = PBXBuildFile; fileRef = 1EEB68A0270B6269003DA47C /* InfoViewData.swift */; };
		1EEB68A3270B6269003DA47C /* InfoView.swift in Sources */ = {isa = PBXBuildFile; fileRef = 1EEB68A1270B6269003DA47C /* InfoView.swift */; };
		1EEB68A7270B6286003DA47C /* ActionComponentData.swift in Sources */ = {isa = PBXBuildFile; fileRef = 1EEB68A5270B6286003DA47C /* ActionComponentData.swift */; };
		1EEB68A8270B6286003DA47C /* ActionComponent.swift in Sources */ = {isa = PBXBuildFile; fileRef = 1EEB68A6270B6286003DA47C /* ActionComponent.swift */; };
		1EEB68AC270B696F003DA47C /* PermissionRequestView.swift in Sources */ = {isa = PBXBuildFile; fileRef = 1EEB68AA270B696F003DA47C /* PermissionRequestView.swift */; };
		1EEB68AD270B696F003DA47C /* PermissionRequestViewData.swift in Sources */ = {isa = PBXBuildFile; fileRef = 1EEB68AB270B696F003DA47C /* PermissionRequestViewData.swift */; };
		1EEB68B1270B6993003DA47C /* PermissionManagerProtocol.swift in Sources */ = {isa = PBXBuildFile; fileRef = 1EEB68B0270B6993003DA47C /* PermissionManagerProtocol.swift */; };
		1EEB68B4270B69AB003DA47C /* PermissionManagerFactory.swift in Sources */ = {isa = PBXBuildFile; fileRef = 1EEB68B3270B69AB003DA47C /* PermissionManagerFactory.swift */; };
		1EEB68B8270B69C5003DA47C /* CameraPermissionManager.swift in Sources */ = {isa = PBXBuildFile; fileRef = 1EEB68B6270B69C5003DA47C /* CameraPermissionManager.swift */; };
		1EEB68B9270B69C5003DA47C /* CameraPermissionProtocol.swift in Sources */ = {isa = PBXBuildFile; fileRef = 1EEB68B7270B69C5003DA47C /* CameraPermissionProtocol.swift */; };
		1EEB68BD270B69DF003DA47C /* PhotosPermisionProtocol.swift in Sources */ = {isa = PBXBuildFile; fileRef = 1EEB68BB270B69DF003DA47C /* PhotosPermisionProtocol.swift */; };
		1EEB68BE270B69DF003DA47C /* PhotosPermissionManager.swift in Sources */ = {isa = PBXBuildFile; fileRef = 1EEB68BC270B69DF003DA47C /* PhotosPermissionManager.swift */; };
		1EEB68C4270B6A1C003DA47C /* MainViewModel.swift in Sources */ = {isa = PBXBuildFile; fileRef = 1EEB68C1270B6A1C003DA47C /* MainViewModel.swift */; };
		1EEB68C5270B6A1C003DA47C /* MainViewBuilder.swift in Sources */ = {isa = PBXBuildFile; fileRef = 1EEB68C2270B6A1C003DA47C /* MainViewBuilder.swift */; };
		1EEB68C6270B6A1C003DA47C /* MainViewController.swift in Sources */ = {isa = PBXBuildFile; fileRef = 1EEB68C3270B6A1C003DA47C /* MainViewController.swift */; };
		1EEB68CB270B6A41003DA47C /* PermissionViewBuilder.swift in Sources */ = {isa = PBXBuildFile; fileRef = 1EEB68C8270B6A41003DA47C /* PermissionViewBuilder.swift */; };
		1EEB68CC270B6A41003DA47C /* PermissionViewController.swift in Sources */ = {isa = PBXBuildFile; fileRef = 1EEB68C9270B6A41003DA47C /* PermissionViewController.swift */; };
		1EEB68CD270B6A41003DA47C /* PermissionViewModel.swift in Sources */ = {isa = PBXBuildFile; fileRef = 1EEB68CA270B6A41003DA47C /* PermissionViewModel.swift */; };
		1EEB68D8270B705E003DA47C /* SceneDelegate.swift in Sources */ = {isa = PBXBuildFile; fileRef = 1EEB68D7270B705E003DA47C /* SceneDelegate.swift */; };
/* End PBXBuildFile section */

/* Begin PBXContainerItemProxy section */
		1EEB6868270B5AE7003DA47C /* PBXContainerItemProxy */ = {
			isa = PBXContainerItemProxy;
			containerPortal = 1EEB6849270B5AE7003DA47C /* Project object */;
			proxyType = 1;
			remoteGlobalIDString = 1EEB6850270B5AE7003DA47C;
			remoteInfo = HW2_CanYoldas;
		};
		1EEB6872270B5AE7003DA47C /* PBXContainerItemProxy */ = {
			isa = PBXContainerItemProxy;
			containerPortal = 1EEB6849270B5AE7003DA47C /* Project object */;
			proxyType = 1;
			remoteGlobalIDString = 1EEB6850270B5AE7003DA47C;
			remoteInfo = HW2_CanYoldas;
		};
/* End PBXContainerItemProxy section */

/* Begin PBXFileReference section */
		1EEB6851270B5AE7003DA47C /* HW2_CanYoldas.app */ = {isa = PBXFileReference; explicitFileType = wrapper.application; includeInIndex = 0; path = HW2_CanYoldas.app; sourceTree = BUILT_PRODUCTS_DIR; };
		1EEB6854270B5AE7003DA47C /* AppDelegate.swift */ = {isa = PBXFileReference; lastKnownFileType = sourcecode.swift; path = AppDelegate.swift; sourceTree = "<group>"; };
		1EEB685D270B5AE7003DA47C /* Assets.xcassets */ = {isa = PBXFileReference; lastKnownFileType = folder.assetcatalog; path = Assets.xcassets; sourceTree = "<group>"; };
		1EEB6860270B5AE7003DA47C /* Base */ = {isa = PBXFileReference; lastKnownFileType = file.storyboard; name = Base; path = Base.lproj/LaunchScreen.storyboard; sourceTree = "<group>"; };
		1EEB6867270B5AE7003DA47C /* HW2_CanYoldasTests.xctest */ = {isa = PBXFileReference; explicitFileType = wrapper.cfbundle; includeInIndex = 0; path = HW2_CanYoldasTests.xctest; sourceTree = BUILT_PRODUCTS_DIR; };
		1EEB686B270B5AE7003DA47C /* HW2_CanYoldasTests.swift */ = {isa = PBXFileReference; lastKnownFileType = sourcecode.swift; path = HW2_CanYoldasTests.swift; sourceTree = "<group>"; };
		1EEB6871270B5AE7003DA47C /* HW2_CanYoldasUITests.xctest */ = {isa = PBXFileReference; explicitFileType = wrapper.cfbundle; includeInIndex = 0; path = HW2_CanYoldasUITests.xctest; sourceTree = BUILT_PRODUCTS_DIR; };
		1EEB6875270B5AE7003DA47C /* HW2_CanYoldasUITests.swift */ = {isa = PBXFileReference; lastKnownFileType = sourcecode.swift; path = HW2_CanYoldasUITests.swift; sourceTree = "<group>"; };
		1EEB6877270B5AE7003DA47C /* HW2_CanYoldasUITestsLaunchTests.swift */ = {isa = PBXFileReference; lastKnownFileType = sourcecode.swift; path = HW2_CanYoldasUITestsLaunchTests.swift; sourceTree = "<group>"; };
		1EEB6885270B610D003DA47C /* BaseView.swift */ = {isa = PBXFileReference; lastKnownFileType = sourcecode.swift; path = BaseView.swift; sourceTree = "<group>"; };
		1EEB6887270B613C003DA47C /* GenericBaseView.swift */ = {isa = PBXFileReference; lastKnownFileType = sourcecode.swift; path = GenericBaseView.swift; sourceTree = "<group>"; };
		1EEB6889270B6153003DA47C /* BaseViewController.swift */ = {isa = PBXFileReference; lastKnownFileType = sourcecode.swift; path = BaseViewController.swift; sourceTree = "<group>"; };
		1EEB688C270B618A003DA47C /* GenericValueProtocol.swift */ = {isa = PBXFileReference; lastKnownFileType = sourcecode.swift; path = GenericValueProtocol.swift; sourceTree = "<group>"; };
		1EEB688E270B61A9003DA47C /* PermissionImages.swift */ = {isa = PBXFileReference; lastKnownFileType = sourcecode.swift; path = PermissionImages.swift; sourceTree = "<group>"; };
		1EEB6891270B61C9003DA47C /* UIView+Extension.swift */ = {isa = PBXFileReference; lastKnownFileType = sourcecode.swift; path = "UIView+Extension.swift"; sourceTree = "<group>"; };
		1EEB6893270B61E6003DA47C /* UIApplication+Extension.swift */ = {isa = PBXFileReference; lastKnownFileType = sourcecode.swift; path = "UIApplication+Extension.swift"; sourceTree = "<group>"; };
		1EEB6897270B6226003DA47C /* ActionButtonTheme.swift */ = {isa = PBXFileReference; fileEncoding = 4; lastKnownFileType = sourcecode.swift; path = ActionButtonTheme.swift; sourceTree = "<group>"; };
		1EEB6898270B6226003DA47C /* ActionButtonType.swift */ = {isa = PBXFileReference; fileEncoding = 4; lastKnownFileType = sourcecode.swift; path = ActionButtonType.swift; sourceTree = "<group>"; };
		1EEB6899270B6226003DA47C /* ActionButtonViewData.swift */ = {isa = PBXFileReference; fileEncoding = 4; lastKnownFileType = sourcecode.swift; path = ActionButtonViewData.swift; sourceTree = "<group>"; };
		1EEB689A270B6226003DA47C /* ActionButtonView.swift */ = {isa = PBXFileReference; fileEncoding = 4; lastKnownFileType = sourcecode.swift; path = ActionButtonView.swift; sourceTree = "<group>"; };
		1EEB68A0270B6269003DA47C /* InfoViewData.swift */ = {isa = PBXFileReference; fileEncoding = 4; lastKnownFileType = sourcecode.swift; path = InfoViewData.swift; sourceTree = "<group>"; };
		1EEB68A1270B6269003DA47C /* InfoView.swift */ = {isa = PBXFileReference; fileEncoding = 4; lastKnownFileType = sourcecode.swift; path = InfoView.swift; sourceTree = "<group>"; };
		1EEB68A5270B6286003DA47C /* ActionComponentData.swift */ = {isa = PBXFileReference; fileEncoding = 4; lastKnownFileType = sourcecode.swift; path = ActionComponentData.swift; sourceTree = "<group>"; };
		1EEB68A6270B6286003DA47C /* ActionComponent.swift */ = {isa = PBXFileReference; fileEncoding = 4; lastKnownFileType = sourcecode.swift; path = ActionComponent.swift; sourceTree = "<group>"; };
		1EEB68AA270B696F003DA47C /* PermissionRequestView.swift */ = {isa = PBXFileReference; fileEncoding = 4; lastKnownFileType = sourcecode.swift; path = PermissionRequestView.swift; sourceTree = "<group>"; };
		1EEB68AB270B696F003DA47C /* PermissionRequestViewData.swift */ = {isa = PBXFileReference; fileEncoding = 4; lastKnownFileType = sourcecode.swift; path = PermissionRequestViewData.swift; sourceTree = "<group>"; };
		1EEB68B0270B6993003DA47C /* PermissionManagerProtocol.swift */ = {isa = PBXFileReference; fileEncoding = 4; lastKnownFileType = sourcecode.swift; path = PermissionManagerProtocol.swift; sourceTree = "<group>"; };
		1EEB68B3270B69AB003DA47C /* PermissionManagerFactory.swift */ = {isa = PBXFileReference; fileEncoding = 4; lastKnownFileType = sourcecode.swift; path = PermissionManagerFactory.swift; sourceTree = "<group>"; };
		1EEB68B6270B69C5003DA47C /* CameraPermissionManager.swift */ = {isa = PBXFileReference; fileEncoding = 4; lastKnownFileType = sourcecode.swift; path = CameraPermissionManager.swift; sourceTree = "<group>"; };
		1EEB68B7270B69C5003DA47C /* CameraPermissionProtocol.swift */ = {isa = PBXFileReference; fileEncoding = 4; lastKnownFileType = sourcecode.swift; path = CameraPermissionProtocol.swift; sourceTree = "<group>"; };
		1EEB68BB270B69DF003DA47C /* PhotosPermisionProtocol.swift */ = {isa = PBXFileReference; fileEncoding = 4; lastKnownFileType = sourcecode.swift; path = PhotosPermisionProtocol.swift; sourceTree = "<group>"; };
		1EEB68BC270B69DF003DA47C /* PhotosPermissionManager.swift */ = {isa = PBXFileReference; fileEncoding = 4; lastKnownFileType = sourcecode.swift; path = PhotosPermissionManager.swift; sourceTree = "<group>"; };
		1EEB68C1270B6A1C003DA47C /* MainViewModel.swift */ = {isa = PBXFileReference; fileEncoding = 4; lastKnownFileType = sourcecode.swift; path = MainViewModel.swift; sourceTree = "<group>"; };
		1EEB68C2270B6A1C003DA47C /* MainViewBuilder.swift */ = {isa = PBXFileReference; fileEncoding = 4; lastKnownFileType = sourcecode.swift; path = MainViewBuilder.swift; sourceTree = "<group>"; };
		1EEB68C3270B6A1C003DA47C /* MainViewController.swift */ = {isa = PBXFileReference; fileEncoding = 4; lastKnownFileType = sourcecode.swift; path = MainViewController.swift; sourceTree = "<group>"; };
		1EEB68C8270B6A41003DA47C /* PermissionViewBuilder.swift */ = {isa = PBXFileReference; fileEncoding = 4; lastKnownFileType = sourcecode.swift; path = PermissionViewBuilder.swift; sourceTree = "<group>"; };
		1EEB68C9270B6A41003DA47C /* PermissionViewController.swift */ = {isa = PBXFileReference; fileEncoding = 4; lastKnownFileType = sourcecode.swift; path = PermissionViewController.swift; sourceTree = "<group>"; };
		1EEB68CA270B6A41003DA47C /* PermissionViewModel.swift */ = {isa = PBXFileReference; fileEncoding = 4; lastKnownFileType = sourcecode.swift; path = PermissionViewModel.swift; sourceTree = "<group>"; };
		1EEB68D7270B705E003DA47C /* SceneDelegate.swift */ = {isa = PBXFileReference; fileEncoding = 4; lastKnownFileType = sourcecode.swift; name = SceneDelegate.swift; path = ../../../../../.Trash/SceneDelegate.swift; sourceTree = "<group>"; };
/* End PBXFileReference section */

/* Begin PBXFrameworksBuildPhase section */
		1EEB684E270B5AE7003DA47C /* Frameworks */ = {
			isa = PBXFrameworksBuildPhase;
			buildActionMask = 2147483647;
			files = (
			);
			runOnlyForDeploymentPostprocessing = 0;
		};
		1EEB6864270B5AE7003DA47C /* Frameworks */ = {
			isa = PBXFrameworksBuildPhase;
			buildActionMask = 2147483647;
			files = (
			);
			runOnlyForDeploymentPostprocessing = 0;
		};
		1EEB686E270B5AE7003DA47C /* Frameworks */ = {
			isa = PBXFrameworksBuildPhase;
			buildActionMask = 2147483647;
			files = (
			);
			runOnlyForDeploymentPostprocessing = 0;
		};
/* End PBXFrameworksBuildPhase section */

/* Begin PBXGroup section */
		1EEB6848270B5AE7003DA47C = {
			isa = PBXGroup;
			children = (
				1EEB6853270B5AE7003DA47C /* HW2_CanYoldas */,
				1EEB686A270B5AE7003DA47C /* HW2_CanYoldasTests */,
				1EEB6852270B5AE7003DA47C /* Products */,
			);
			sourceTree = "<group>";
		};
		1EEB6852270B5AE7003DA47C /* Products */ = {
			isa = PBXGroup;
			children = (
				1EEB6851270B5AE7003DA47C /* HW2_CanYoldas.app */,
				1EEB6867270B5AE7003DA47C /* HW2_CanYoldasTests.xctest */,
				1EEB6871270B5AE7003DA47C /* HW2_CanYoldasUITests.xctest */,
			);
			name = Products;
			sourceTree = "<group>";
		};
		1EEB6853270B5AE7003DA47C /* HW2_CanYoldas */ = {
			isa = PBXGroup;
			children = (
				1EEB68BF270B6A0D003DA47C /* Scenes */,
				1EEB68AE270B697D003DA47C /* Managers */,
				1EEB6895270B6201003DA47C /* Components */,
				1EEB688B270B6176003DA47C /* Utils */,
				1EEB6884270B6101003DA47C /* Base */,
				1EEB6854270B5AE7003DA47C /* AppDelegate.swift */,
				1EEB685D270B5AE7003DA47C /* Assets.xcassets */,
				1EEB685F270B5AE7003DA47C /* LaunchScreen.storyboard */,
				1EEB68D7270B705E003DA47C /* SceneDelegate.swift */,
			);
			path = HW2_CanYoldas;
			sourceTree = "<group>";
		};
		1EEB686A270B5AE7003DA47C /* HW2_CanYoldasTests */ = {
			isa = PBXGroup;
			children = (
				1EEB6874270B5AE7003DA47C /* HW2_CanYoldasUITests */,
				1EEB686B270B5AE7003DA47C /* HW2_CanYoldasTests.swift */,
			);
			path = HW2_CanYoldasTests;
			sourceTree = "<group>";
		};
		1EEB6874270B5AE7003DA47C /* HW2_CanYoldasUITests */ = {
			isa = PBXGroup;
			children = (
				1EEB6875270B5AE7003DA47C /* HW2_CanYoldasUITests.swift */,
				1EEB6877270B5AE7003DA47C /* HW2_CanYoldasUITestsLaunchTests.swift */,
			);
			path = HW2_CanYoldasUITests;
			sourceTree = "<group>";
		};
		1EEB6884270B6101003DA47C /* Base */ = {
			isa = PBXGroup;
			children = (
				1EEB6885270B610D003DA47C /* BaseView.swift */,
				1EEB6887270B613C003DA47C /* GenericBaseView.swift */,
				1EEB6889270B6153003DA47C /* BaseViewController.swift */,
			);
			path = Base;
			sourceTree = "<group>";
		};
		1EEB688B270B6176003DA47C /* Utils */ = {
			isa = PBXGroup;
			children = (
				1EEB6890270B61B9003DA47C /* Extensions */,
				1EEB688C270B618A003DA47C /* GenericValueProtocol.swift */,
				1EEB688E270B61A9003DA47C /* PermissionImages.swift */,
			);
			path = Utils;
			sourceTree = "<group>";
		};
		1EEB6890270B61B9003DA47C /* Extensions */ = {
			isa = PBXGroup;
			children = (
				1EEB6891270B61C9003DA47C /* UIView+Extension.swift */,
				1EEB6893270B61E6003DA47C /* UIApplication+Extension.swift */,
			);
			path = Extensions;
			sourceTree = "<group>";
		};
		1EEB6895270B6201003DA47C /* Components */ = {
			isa = PBXGroup;
			children = (
				1EEB68A9270B695B003DA47C /* PermissionRequestView */,
				1EEB68A4270B6279003DA47C /* ActionComponent */,
				1EEB689F270B6259003DA47C /* InfoViewComponent */,
				1EEB6896270B6207003DA47C /* ActionButton */,
			);
			path = Components;
			sourceTree = "<group>";
		};
		1EEB6896270B6207003DA47C /* ActionButton */ = {
			isa = PBXGroup;
			children = (
				1EEB6897270B6226003DA47C /* ActionButtonTheme.swift */,
				1EEB6898270B6226003DA47C /* ActionButtonType.swift */,
				1EEB689A270B6226003DA47C /* ActionButtonView.swift */,
				1EEB6899270B6226003DA47C /* ActionButtonViewData.swift */,
			);
			path = ActionButton;
			sourceTree = "<group>";
		};
		1EEB689F270B6259003DA47C /* InfoViewComponent */ = {
			isa = PBXGroup;
			children = (
				1EEB68A1270B6269003DA47C /* InfoView.swift */,
				1EEB68A0270B6269003DA47C /* InfoViewData.swift */,
			);
			path = InfoViewComponent;
			sourceTree = "<group>";
		};
		1EEB68A4270B6279003DA47C /* ActionComponent */ = {
			isa = PBXGroup;
			children = (
				1EEB68A6270B6286003DA47C /* ActionComponent.swift */,
				1EEB68A5270B6286003DA47C /* ActionComponentData.swift */,
			);
			path = ActionComponent;
			sourceTree = "<group>";
		};
		1EEB68A9270B695B003DA47C /* PermissionRequestView */ = {
			isa = PBXGroup;
			children = (
				1EEB68AA270B696F003DA47C /* PermissionRequestView.swift */,
				1EEB68AB270B696F003DA47C /* PermissionRequestViewData.swift */,
			);
			path = PermissionRequestView;
			sourceTree = "<group>";
		};
		1EEB68AE270B697D003DA47C /* Managers */ = {
			isa = PBXGroup;
			children = (
				1EEB68BA270B69D5003DA47C /* Photos */,
				1EEB68B5270B69BC003DA47C /* Camera */,
				1EEB68B2270B69A0003DA47C /* Builders */,
				1EEB68AF270B6988003DA47C /* Protocols */,
			);
			path = Managers;
			sourceTree = "<group>";
		};
		1EEB68AF270B6988003DA47C /* Protocols */ = {
			isa = PBXGroup;
			children = (
				1EEB68B0270B6993003DA47C /* PermissionManagerProtocol.swift */,
			);
			path = Protocols;
			sourceTree = "<group>";
		};
		1EEB68B2270B69A0003DA47C /* Builders */ = {
			isa = PBXGroup;
			children = (
				1EEB68B3270B69AB003DA47C /* PermissionManagerFactory.swift */,
			);
			path = Builders;
			sourceTree = "<group>";
		};
		1EEB68B5270B69BC003DA47C /* Camera */ = {
			isa = PBXGroup;
			children = (
				1EEB68B6270B69C5003DA47C /* CameraPermissionManager.swift */,
				1EEB68B7270B69C5003DA47C /* CameraPermissionProtocol.swift */,
			);
			path = Camera;
			sourceTree = "<group>";
		};
		1EEB68BA270B69D5003DA47C /* Photos */ = {
			isa = PBXGroup;
			children = (
				1EEB68BB270B69DF003DA47C /* PhotosPermisionProtocol.swift */,
				1EEB68BC270B69DF003DA47C /* PhotosPermissionManager.swift */,
			);
			path = Photos;
			sourceTree = "<group>";
		};
		1EEB68BF270B6A0D003DA47C /* Scenes */ = {
			isa = PBXGroup;
			children = (
				1EEB68C7270B6A30003DA47C /* PermissionRequest */,
				1EEB68C0270B6A11003DA47C /* Main */,
			);
			path = Scenes;
			sourceTree = "<group>";
		};
		1EEB68C0270B6A11003DA47C /* Main */ = {
			isa = PBXGroup;
			children = (
				1EEB68C2270B6A1C003DA47C /* MainViewBuilder.swift */,
				1EEB68C3270B6A1C003DA47C /* MainViewController.swift */,
				1EEB68C1270B6A1C003DA47C /* MainViewModel.swift */,
			);
			path = Main;
			sourceTree = "<group>";
		};
		1EEB68C7270B6A30003DA47C /* PermissionRequest */ = {
			isa = PBXGroup;
			children = (
				1EEB68C8270B6A41003DA47C /* PermissionViewBuilder.swift */,
				1EEB68C9270B6A41003DA47C /* PermissionViewController.swift */,
				1EEB68CA270B6A41003DA47C /* PermissionViewModel.swift */,
			);
			path = PermissionRequest;
			sourceTree = "<group>";
		};
/* End PBXGroup section */

/* Begin PBXNativeTarget section */
		1EEB6850270B5AE7003DA47C /* HW2_CanYoldas */ = {
			isa = PBXNativeTarget;
			buildConfigurationList = 1EEB687B270B5AE7003DA47C /* Build configuration list for PBXNativeTarget "HW2_CanYoldas" */;
			buildPhases = (
				1EEB684D270B5AE7003DA47C /* Sources */,
				1EEB684E270B5AE7003DA47C /* Frameworks */,
				1EEB684F270B5AE7003DA47C /* Resources */,
			);
			buildRules = (
			);
			dependencies = (
			);
			name = HW2_CanYoldas;
			productName = HW2_CanYoldas;
			productReference = 1EEB6851270B5AE7003DA47C /* HW2_CanYoldas.app */;
			productType = "com.apple.product-type.application";
		};
		1EEB6866270B5AE7003DA47C /* HW2_CanYoldasTests */ = {
			isa = PBXNativeTarget;
			buildConfigurationList = 1EEB687E270B5AE7003DA47C /* Build configuration list for PBXNativeTarget "HW2_CanYoldasTests" */;
			buildPhases = (
				1EEB6863270B5AE7003DA47C /* Sources */,
				1EEB6864270B5AE7003DA47C /* Frameworks */,
				1EEB6865270B5AE7003DA47C /* Resources */,
			);
			buildRules = (
			);
			dependencies = (
				1EEB6869270B5AE7003DA47C /* PBXTargetDependency */,
			);
			name = HW2_CanYoldasTests;
			productName = HW2_CanYoldasTests;
			productReference = 1EEB6867270B5AE7003DA47C /* HW2_CanYoldasTests.xctest */;
			productType = "com.apple.product-type.bundle.unit-test";
		};
		1EEB6870270B5AE7003DA47C /* HW2_CanYoldasUITests */ = {
			isa = PBXNativeTarget;
			buildConfigurationList = 1EEB6881270B5AE7003DA47C /* Build configuration list for PBXNativeTarget "HW2_CanYoldasUITests" */;
			buildPhases = (
				1EEB686D270B5AE7003DA47C /* Sources */,
				1EEB686E270B5AE7003DA47C /* Frameworks */,
				1EEB686F270B5AE7003DA47C /* Resources */,
			);
			buildRules = (
			);
			dependencies = (
				1EEB6873270B5AE7003DA47C /* PBXTargetDependency */,
			);
			name = HW2_CanYoldasUITests;
			productName = HW2_CanYoldasUITests;
			productReference = 1EEB6871270B5AE7003DA47C /* HW2_CanYoldasUITests.xctest */;
			productType = "com.apple.product-type.bundle.ui-testing";
		};
/* End PBXNativeTarget section */

/* Begin PBXProject section */
		1EEB6849270B5AE7003DA47C /* Project object */ = {
			isa = PBXProject;
			attributes = {
				BuildIndependentTargetsInParallel = 1;
				LastSwiftUpdateCheck = 1300;
				LastUpgradeCheck = 1300;
				TargetAttributes = {
					1EEB6850270B5AE7003DA47C = {
						CreatedOnToolsVersion = 13.0;
					};
					1EEB6866270B5AE7003DA47C = {
						CreatedOnToolsVersion = 13.0;
						TestTargetID = 1EEB6850270B5AE7003DA47C;
					};
					1EEB6870270B5AE7003DA47C = {
						CreatedOnToolsVersion = 13.0;
						TestTargetID = 1EEB6850270B5AE7003DA47C;
					};
				};
			};
			buildConfigurationList = 1EEB684C270B5AE7003DA47C /* Build configuration list for PBXProject "HW2_CanYoldas" */;
			compatibilityVersion = "Xcode 13.0";
			developmentRegion = en;
			hasScannedForEncodings = 0;
			knownRegions = (
				en,
				Base,
			);
			mainGroup = 1EEB6848270B5AE7003DA47C;
			productRefGroup = 1EEB6852270B5AE7003DA47C /* Products */;
			projectDirPath = "";
			projectRoot = "";
			targets = (
				1EEB6850270B5AE7003DA47C /* HW2_CanYoldas */,
				1EEB6866270B5AE7003DA47C /* HW2_CanYoldasTests */,
				1EEB6870270B5AE7003DA47C /* HW2_CanYoldasUITests */,
			);
		};
/* End PBXProject section */

/* Begin PBXResourcesBuildPhase section */
		1EEB684F270B5AE7003DA47C /* Resources */ = {
			isa = PBXResourcesBuildPhase;
			buildActionMask = 2147483647;
			files = (
				1EEB6861270B5AE7003DA47C /* LaunchScreen.storyboard in Resources */,
				1EEB685E270B5AE7003DA47C /* Assets.xcassets in Resources */,
			);
			runOnlyForDeploymentPostprocessing = 0;
		};
		1EEB6865270B5AE7003DA47C /* Resources */ = {
			isa = PBXResourcesBuildPhase;
			buildActionMask = 2147483647;
			files = (
			);
			runOnlyForDeploymentPostprocessing = 0;
		};
		1EEB686F270B5AE7003DA47C /* Resources */ = {
			isa = PBXResourcesBuildPhase;
			buildActionMask = 2147483647;
			files = (
			);
			runOnlyForDeploymentPostprocessing = 0;
		};
/* End PBXResourcesBuildPhase section */

/* Begin PBXSourcesBuildPhase section */
		1EEB684D270B5AE7003DA47C /* Sources */ = {
			isa = PBXSourcesBuildPhase;
			buildActionMask = 2147483647;
			files = (
				1EEB689C270B6226003DA47C /* ActionButtonType.swift in Sources */,
				1EEB68AD270B696F003DA47C /* PermissionRequestViewData.swift in Sources */,
				1EEB68D8270B705E003DA47C /* SceneDelegate.swift in Sources */,
				1EEB68CB270B6A41003DA47C /* PermissionViewBuilder.swift in Sources */,
				1EEB688A270B6153003DA47C /* BaseViewController.swift in Sources */,
				1EEB689B270B6226003DA47C /* ActionButtonTheme.swift in Sources */,
				1EEB68B1270B6993003DA47C /* PermissionManagerProtocol.swift in Sources */,
				1EEB68C4270B6A1C003DA47C /* MainViewModel.swift in Sources */,
				1EEB68BD270B69DF003DA47C /* PhotosPermisionProtocol.swift in Sources */,
				1EEB68C6270B6A1C003DA47C /* MainViewController.swift in Sources */,
				1EEB68B8270B69C5003DA47C /* CameraPermissionManager.swift in Sources */,
				1EEB688D270B618A003DA47C /* GenericValueProtocol.swift in Sources */,
				1EEB6892270B61C9003DA47C /* UIView+Extension.swift in Sources */,
				1EEB6886270B610D003DA47C /* BaseView.swift in Sources */,
				1EEB68C5270B6A1C003DA47C /* MainViewBuilder.swift in Sources */,
				1EEB68BE270B69DF003DA47C /* PhotosPermissionManager.swift in Sources */,
				1EEB68A8270B6286003DA47C /* ActionComponent.swift in Sources */,
				1EEB68CD270B6A41003DA47C /* PermissionViewModel.swift in Sources */,
				1EEB6894270B61E6003DA47C /* UIApplication+Extension.swift in Sources */,
				1EEB689E270B6226003DA47C /* ActionButtonView.swift in Sources */,
				1EEB6855270B5AE7003DA47C /* AppDelegate.swift in Sources */,
				1EEB68CC270B6A41003DA47C /* PermissionViewController.swift in Sources */,
				1EEB689D270B6226003DA47C /* ActionButtonViewData.swift in Sources */,
				1EEB68A2270B6269003DA47C /* InfoViewData.swift in Sources */,
				1EEB688F270B61A9003DA47C /* PermissionImages.swift in Sources */,
				1EEB68A3270B6269003DA47C /* InfoView.swift in Sources */,
				1EEB68B9270B69C5003DA47C /* CameraPermissionProtocol.swift in Sources */,
				1EEB68B4270B69AB003DA47C /* PermissionManagerFactory.swift in Sources */,
				1EEB68AC270B696F003DA47C /* PermissionRequestView.swift in Sources */,
				1EEB6888270B613C003DA47C /* GenericBaseView.swift in Sources */,
				1EEB68A7270B6286003DA47C /* ActionComponentData.swift in Sources */,
			);
			runOnlyForDeploymentPostprocessing = 0;
		};
		1EEB6863270B5AE7003DA47C /* Sources */ = {
			isa = PBXSourcesBuildPhase;
			buildActionMask = 2147483647;
			files = (
				1EEB686C270B5AE7003DA47C /* HW2_CanYoldasTests.swift in Sources */,
			);
			runOnlyForDeploymentPostprocessing = 0;
		};
		1EEB686D270B5AE7003DA47C /* Sources */ = {
			isa = PBXSourcesBuildPhase;
			buildActionMask = 2147483647;
			files = (
				1EEB6876270B5AE7003DA47C /* HW2_CanYoldasUITests.swift in Sources */,
				1EEB6878270B5AE7003DA47C /* HW2_CanYoldasUITestsLaunchTests.swift in Sources */,
			);
			runOnlyForDeploymentPostprocessing = 0;
		};
/* End PBXSourcesBuildPhase section */

/* Begin PBXTargetDependency section */
		1EEB6869270B5AE7003DA47C /* PBXTargetDependency */ = {
			isa = PBXTargetDependency;
			target = 1EEB6850270B5AE7003DA47C /* HW2_CanYoldas */;
			targetProxy = 1EEB6868270B5AE7003DA47C /* PBXContainerItemProxy */;
		};
		1EEB6873270B5AE7003DA47C /* PBXTargetDependency */ = {
			isa = PBXTargetDependency;
			target = 1EEB6850270B5AE7003DA47C /* HW2_CanYoldas */;
			targetProxy = 1EEB6872270B5AE7003DA47C /* PBXContainerItemProxy */;
		};
/* End PBXTargetDependency section */

/* Begin PBXVariantGroup section */
		1EEB685F270B5AE7003DA47C /* LaunchScreen.storyboard */ = {
			isa = PBXVariantGroup;
			children = (
				1EEB6860270B5AE7003DA47C /* Base */,
			);
			name = LaunchScreen.storyboard;
			sourceTree = "<group>";
		};
/* End PBXVariantGroup section */

/* Begin XCBuildConfiguration section */
		1EEB6879270B5AE7003DA47C /* Debug */ = {
			isa = XCBuildConfiguration;
			buildSettings = {
				ALWAYS_SEARCH_USER_PATHS = NO;
				CLANG_ANALYZER_NONNULL = YES;
				CLANG_ANALYZER_NUMBER_OBJECT_CONVERSION = YES_AGGRESSIVE;
				CLANG_CXX_LANGUAGE_STANDARD = "gnu++17";
				CLANG_CXX_LIBRARY = "libc++";
				CLANG_ENABLE_MODULES = YES;
				CLANG_ENABLE_OBJC_ARC = YES;
				CLANG_ENABLE_OBJC_WEAK = YES;
				CLANG_WARN_BLOCK_CAPTURE_AUTORELEASING = YES;
				CLANG_WARN_BOOL_CONVERSION = YES;
				CLANG_WARN_COMMA = YES;
				CLANG_WARN_CONSTANT_CONVERSION = YES;
				CLANG_WARN_DEPRECATED_OBJC_IMPLEMENTATIONS = YES;
				CLANG_WARN_DIRECT_OBJC_ISA_USAGE = YES_ERROR;
				CLANG_WARN_DOCUMENTATION_COMMENTS = YES;
				CLANG_WARN_EMPTY_BODY = YES;
				CLANG_WARN_ENUM_CONVERSION = YES;
				CLANG_WARN_INFINITE_RECURSION = YES;
				CLANG_WARN_INT_CONVERSION = YES;
				CLANG_WARN_NON_LITERAL_NULL_CONVERSION = YES;
				CLANG_WARN_OBJC_IMPLICIT_RETAIN_SELF = YES;
				CLANG_WARN_OBJC_LITERAL_CONVERSION = YES;
				CLANG_WARN_OBJC_ROOT_CLASS = YES_ERROR;
				CLANG_WARN_QUOTED_INCLUDE_IN_FRAMEWORK_HEADER = YES;
				CLANG_WARN_RANGE_LOOP_ANALYSIS = YES;
				CLANG_WARN_STRICT_PROTOTYPES = YES;
				CLANG_WARN_SUSPICIOUS_MOVE = YES;
				CLANG_WARN_UNGUARDED_AVAILABILITY = YES_AGGRESSIVE;
				CLANG_WARN_UNREACHABLE_CODE = YES;
				CLANG_WARN__DUPLICATE_METHOD_MATCH = YES;
				COPY_PHASE_STRIP = NO;
				DEBUG_INFORMATION_FORMAT = dwarf;
				ENABLE_STRICT_OBJC_MSGSEND = YES;
				ENABLE_TESTABILITY = YES;
				GCC_C_LANGUAGE_STANDARD = gnu11;
				GCC_DYNAMIC_NO_PIC = NO;
				GCC_NO_COMMON_BLOCKS = YES;
				GCC_OPTIMIZATION_LEVEL = 0;
				GCC_PREPROCESSOR_DEFINITIONS = (
					"DEBUG=1",
					"$(inherited)",
				);
				GCC_WARN_64_TO_32_BIT_CONVERSION = YES;
				GCC_WARN_ABOUT_RETURN_TYPE = YES_ERROR;
				GCC_WARN_UNDECLARED_SELECTOR = YES;
				GCC_WARN_UNINITIALIZED_AUTOS = YES_AGGRESSIVE;
				GCC_WARN_UNUSED_FUNCTION = YES;
				GCC_WARN_UNUSED_VARIABLE = YES;
				IPHONEOS_DEPLOYMENT_TARGET = 15.0;
				MTL_ENABLE_DEBUG_INFO = INCLUDE_SOURCE;
				MTL_FAST_MATH = YES;
				ONLY_ACTIVE_ARCH = YES;
				SDKROOT = iphoneos;
				SWIFT_ACTIVE_COMPILATION_CONDITIONS = DEBUG;
				SWIFT_OPTIMIZATION_LEVEL = "-Onone";
			};
			name = Debug;
		};
		1EEB687A270B5AE7003DA47C /* Release */ = {
			isa = XCBuildConfiguration;
			buildSettings = {
				ALWAYS_SEARCH_USER_PATHS = NO;
				CLANG_ANALYZER_NONNULL = YES;
				CLANG_ANALYZER_NUMBER_OBJECT_CONVERSION = YES_AGGRESSIVE;
				CLANG_CXX_LANGUAGE_STANDARD = "gnu++17";
				CLANG_CXX_LIBRARY = "libc++";
				CLANG_ENABLE_MODULES = YES;
				CLANG_ENABLE_OBJC_ARC = YES;
				CLANG_ENABLE_OBJC_WEAK = YES;
				CLANG_WARN_BLOCK_CAPTURE_AUTORELEASING = YES;
				CLANG_WARN_BOOL_CONVERSION = YES;
				CLANG_WARN_COMMA = YES;
				CLANG_WARN_CONSTANT_CONVERSION = YES;
				CLANG_WARN_DEPRECATED_OBJC_IMPLEMENTATIONS = YES;
				CLANG_WARN_DIRECT_OBJC_ISA_USAGE = YES_ERROR;
				CLANG_WARN_DOCUMENTATION_COMMENTS = YES;
				CLANG_WARN_EMPTY_BODY = YES;
				CLANG_WARN_ENUM_CONVERSION = YES;
				CLANG_WARN_INFINITE_RECURSION = YES;
				CLANG_WARN_INT_CONVERSION = YES;
				CLANG_WARN_NON_LITERAL_NULL_CONVERSION = YES;
				CLANG_WARN_OBJC_IMPLICIT_RETAIN_SELF = YES;
				CLANG_WARN_OBJC_LITERAL_CONVERSION = YES;
				CLANG_WARN_OBJC_ROOT_CLASS = YES_ERROR;
				CLANG_WARN_QUOTED_INCLUDE_IN_FRAMEWORK_HEADER = YES;
				CLANG_WARN_RANGE_LOOP_ANALYSIS = YES;
				CLANG_WARN_STRICT_PROTOTYPES = YES;
				CLANG_WARN_SUSPICIOUS_MOVE = YES;
				CLANG_WARN_UNGUARDED_AVAILABILITY = YES_AGGRESSIVE;
				CLANG_WARN_UNREACHABLE_CODE = YES;
				CLANG_WARN__DUPLICATE_METHOD_MATCH = YES;
				COPY_PHASE_STRIP = NO;
				DEBUG_INFORMATION_FORMAT = "dwarf-with-dsym";
				ENABLE_NS_ASSERTIONS = NO;
				ENABLE_STRICT_OBJC_MSGSEND = YES;
				GCC_C_LANGUAGE_STANDARD = gnu11;
				GCC_NO_COMMON_BLOCKS = YES;
				GCC_WARN_64_TO_32_BIT_CONVERSION = YES;
				GCC_WARN_ABOUT_RETURN_TYPE = YES_ERROR;
				GCC_WARN_UNDECLARED_SELECTOR = YES;
				GCC_WARN_UNINITIALIZED_AUTOS = YES_AGGRESSIVE;
				GCC_WARN_UNUSED_FUNCTION = YES;
				GCC_WARN_UNUSED_VARIABLE = YES;
				IPHONEOS_DEPLOYMENT_TARGET = 15.0;
				MTL_ENABLE_DEBUG_INFO = NO;
				MTL_FAST_MATH = YES;
				SDKROOT = iphoneos;
				SWIFT_COMPILATION_MODE = wholemodule;
				SWIFT_OPTIMIZATION_LEVEL = "-O";
				VALIDATE_PRODUCT = YES;
			};
			name = Release;
		};
		1EEB687C270B5AE7003DA47C /* Debug */ = {
			isa = XCBuildConfiguration;
			buildSettings = {
				ASSETCATALOG_COMPILER_APPICON_NAME = AppIcon;
				ASSETCATALOG_COMPILER_GLOBAL_ACCENT_COLOR_NAME = AccentColor;
				CODE_SIGN_STYLE = Automatic;
				CURRENT_PROJECT_VERSION = 1;
				DEVELOPMENT_TEAM = G746TBT9SB;
				GENERATE_INFOPLIST_FILE = YES;
				INFOPLIST_FILE = HW2_CanYoldas/Info.plist;
				INFOPLIST_KEY_UIApplicationSupportsIndirectInputEvents = YES;
				INFOPLIST_KEY_UILaunchStoryboardName = LaunchScreen;
				INFOPLIST_KEY_UISupportedInterfaceOrientations = "UIInterfaceOrientationLandscapeRight UIInterfaceOrientationLandscapeLeft UIInterfaceOrientationPortrait";
				INFOPLIST_KEY_UISupportedInterfaceOrientations_iPad = "UIInterfaceOrientationPortrait UIInterfaceOrientationPortraitUpsideDown UIInterfaceOrientationLandscapeLeft UIInterfaceOrientationLandscapeRight";
				INFOPLIST_KEY_UISupportedInterfaceOrientations_iPhone = "UIInterfaceOrientationPortrait UIInterfaceOrientationLandscapeLeft UIInterfaceOrientationLandscapeRight";
				LD_RUNPATH_SEARCH_PATHS = (
					"$(inherited)",
					"@executable_path/Frameworks",
				);
				MARKETING_VERSION = 1.0;
				PRODUCT_BUNDLE_IDENTIFIER = "com.canyoldas.HW2-CanYoldas";
				PRODUCT_NAME = "$(TARGET_NAME)";
				SWIFT_EMIT_LOC_STRINGS = YES;
				SWIFT_VERSION = 5.0;
				TARGETED_DEVICE_FAMILY = "1,2";
			};
			name = Debug;
		};
		1EEB687D270B5AE7003DA47C /* Release */ = {
			isa = XCBuildConfiguration;
			buildSettings = {
				ASSETCATALOG_COMPILER_APPICON_NAME = AppIcon;
				ASSETCATALOG_COMPILER_GLOBAL_ACCENT_COLOR_NAME = AccentColor;
				CODE_SIGN_STYLE = Automatic;
				CURRENT_PROJECT_VERSION = 1;
				DEVELOPMENT_TEAM = G746TBT9SB;
				GENERATE_INFOPLIST_FILE = YES;
				INFOPLIST_FILE = HW2_CanYoldas/Info.plist;
				INFOPLIST_KEY_UIApplicationSupportsIndirectInputEvents = YES;
				INFOPLIST_KEY_UILaunchStoryboardName = LaunchScreen;
				INFOPLIST_KEY_UISupportedInterfaceOrientations = "UIInterfaceOrientationLandscapeRight UIInterfaceOrientationLandscapeLeft UIInterfaceOrientationPortrait";
				INFOPLIST_KEY_UISupportedInterfaceOrientations_iPad = "UIInterfaceOrientationPortrait UIInterfaceOrientationPortraitUpsideDown UIInterfaceOrientationLandscapeLeft UIInterfaceOrientationLandscapeRight";
				INFOPLIST_KEY_UISupportedInterfaceOrientations_iPhone = "UIInterfaceOrientationPortrait UIInterfaceOrientationLandscapeLeft UIInterfaceOrientationLandscapeRight";
				LD_RUNPATH_SEARCH_PATHS = (
					"$(inherited)",
					"@executable_path/Frameworks",
				);
				MARKETING_VERSION = 1.0;
				PRODUCT_BUNDLE_IDENTIFIER = "com.canyoldas.HW2-CanYoldas";
				PRODUCT_NAME = "$(TARGET_NAME)";
				SWIFT_EMIT_LOC_STRINGS = YES;
				SWIFT_VERSION = 5.0;
				TARGETED_DEVICE_FAMILY = "1,2";
			};
			name = Release;
		};
		1EEB687F270B5AE7003DA47C /* Debug */ = {
			isa = XCBuildConfiguration;
			buildSettings = {
				ALWAYS_EMBED_SWIFT_STANDARD_LIBRARIES = YES;
				BUNDLE_LOADER = "$(TEST_HOST)";
				CODE_SIGN_STYLE = Automatic;
				CURRENT_PROJECT_VERSION = 1;
				DEVELOPMENT_TEAM = G746TBT9SB;
				GENERATE_INFOPLIST_FILE = YES;
				IPHONEOS_DEPLOYMENT_TARGET = 15.0;
				LD_RUNPATH_SEARCH_PATHS = (
					"$(inherited)",
					"@executable_path/Frameworks",
					"@loader_path/Frameworks",
				);
				MARKETING_VERSION = 1.0;
				PRODUCT_BUNDLE_IDENTIFIER = "com.canyoldas.HW2-CanYoldasTests";
				PRODUCT_NAME = "$(TARGET_NAME)";
				SWIFT_EMIT_LOC_STRINGS = NO;
				SWIFT_VERSION = 5.0;
				TARGETED_DEVICE_FAMILY = "1,2";
				TEST_HOST = "$(BUILT_PRODUCTS_DIR)/HW2_CanYoldas.app/HW2_CanYoldas";
			};
			name = Debug;
		};
		1EEB6880270B5AE7003DA47C /* Release */ = {
			isa = XCBuildConfiguration;
			buildSettings = {
				ALWAYS_EMBED_SWIFT_STANDARD_LIBRARIES = YES;
				BUNDLE_LOADER = "$(TEST_HOST)";
				CODE_SIGN_STYLE = Automatic;
				CURRENT_PROJECT_VERSION = 1;
				DEVELOPMENT_TEAM = G746TBT9SB;
				GENERATE_INFOPLIST_FILE = YES;
				IPHONEOS_DEPLOYMENT_TARGET = 15.0;
				LD_RUNPATH_SEARCH_PATHS = (
					"$(inherited)",
					"@executable_path/Frameworks",
					"@loader_path/Frameworks",
				);
				MARKETING_VERSION = 1.0;
				PRODUCT_BUNDLE_IDENTIFIER = "com.canyoldas.HW2-CanYoldasTests";
				PRODUCT_NAME = "$(TARGET_NAME)";
				SWIFT_EMIT_LOC_STRINGS = NO;
				SWIFT_VERSION = 5.0;
				TARGETED_DEVICE_FAMILY = "1,2";
				TEST_HOST = "$(BUILT_PRODUCTS_DIR)/HW2_CanYoldas.app/HW2_CanYoldas";
			};
			name = Release;
		};
		1EEB6882270B5AE7003DA47C /* Debug */ = {
			isa = XCBuildConfiguration;
			buildSettings = {
				ALWAYS_EMBED_SWIFT_STANDARD_LIBRARIES = YES;
				CODE_SIGN_STYLE = Automatic;
				CURRENT_PROJECT_VERSION = 1;
				DEVELOPMENT_TEAM = G746TBT9SB;
				GENERATE_INFOPLIST_FILE = YES;
				LD_RUNPATH_SEARCH_PATHS = (
					"$(inherited)",
					"@executable_path/Frameworks",
					"@loader_path/Frameworks",
				);
				MARKETING_VERSION = 1.0;
				PRODUCT_BUNDLE_IDENTIFIER = "com.canyoldas.HW2-CanYoldasUITests";
				PRODUCT_NAME = "$(TARGET_NAME)";
				SWIFT_EMIT_LOC_STRINGS = NO;
				SWIFT_VERSION = 5.0;
				TARGETED_DEVICE_FAMILY = "1,2";
				TEST_TARGET_NAME = HW2_CanYoldas;
			};
			name = Debug;
		};
		1EEB6883270B5AE7003DA47C /* Release */ = {
			isa = XCBuildConfiguration;
			buildSettings = {
				ALWAYS_EMBED_SWIFT_STANDARD_LIBRARIES = YES;
				CODE_SIGN_STYLE = Automatic;
				CURRENT_PROJECT_VERSION = 1;
				DEVELOPMENT_TEAM = G746TBT9SB;
				GENERATE_INFOPLIST_FILE = YES;
				LD_RUNPATH_SEARCH_PATHS = (
					"$(inherited)",
					"@executable_path/Frameworks",
					"@loader_path/Frameworks",
				);
				MARKETING_VERSION = 1.0;
				PRODUCT_BUNDLE_IDENTIFIER = "com.canyoldas.HW2-CanYoldasUITests";
				PRODUCT_NAME = "$(TARGET_NAME)";
				SWIFT_EMIT_LOC_STRINGS = NO;
				SWIFT_VERSION = 5.0;
				TARGETED_DEVICE_FAMILY = "1,2";
				TEST_TARGET_NAME = HW2_CanYoldas;
			};
			name = Release;
		};
/* End XCBuildConfiguration section */

/* Begin XCConfigurationList section */
		1EEB684C270B5AE7003DA47C /* Build configuration list for PBXProject "HW2_CanYoldas" */ = {
			isa = XCConfigurationList;
			buildConfigurations = (
				1EEB6879270B5AE7003DA47C /* Debug */,
				1EEB687A270B5AE7003DA47C /* Release */,
			);
			defaultConfigurationIsVisible = 0;
			defaultConfigurationName = Release;
		};
		1EEB687B270B5AE7003DA47C /* Build configuration list for PBXNativeTarget "HW2_CanYoldas" */ = {
			isa = XCConfigurationList;
			buildConfigurations = (
				1EEB687C270B5AE7003DA47C /* Debug */,
				1EEB687D270B5AE7003DA47C /* Release */,
			);
			defaultConfigurationIsVisible = 0;
			defaultConfigurationName = Release;
		};
		1EEB687E270B5AE7003DA47C /* Build configuration list for PBXNativeTarget "HW2_CanYoldasTests" */ = {
			isa = XCConfigurationList;
			buildConfigurations = (
				1EEB687F270B5AE7003DA47C /* Debug */,
				1EEB6880270B5AE7003DA47C /* Release */,
			);
			defaultConfigurationIsVisible = 0;
			defaultConfigurationName = Release;
		};
		1EEB6881270B5AE7003DA47C /* Build configuration list for PBXNativeTarget "HW2_CanYoldasUITests" */ = {
			isa = XCConfigurationList;
			buildConfigurations = (
				1EEB6882270B5AE7003DA47C /* Debug */,
				1EEB6883270B5AE7003DA47C /* Release */,
			);
			defaultConfigurationIsVisible = 0;
			defaultConfigurationName = Release;
		};
/* End XCConfigurationList section */
	};
	rootObject = 1EEB6849270B5AE7003DA47C /* Project object */;
}
